{
  "requires": true,
  "lockfileVersion": 1,
  "dependencies": {
    "@angular/animations": {
      "version": "6.1.6",
      "resolved": "http://r.cnpmjs.org/@angular/animations/download/@angular/animations-6.1.6.tgz",
      "integrity": "sha1-JanNhzA67FVWwgYx0IdEfeIzDoc=",
      "requires": {
        "tslib": "1.9.3"
      }
    },
    "tslib": {
      "version": "1.9.3",
      "resolved": "http://r.cnpmjs.org/tslib/download/tslib-1.9.3.tgz",
      "integrity": "sha1-1+TdeSRdhUKMTX5IIqeZF5VMooY="
    }
  }
}
